// !$*UTF8*$!
{
	archiveVersion = 1;
	classes = {
	};
	objectVersion = 56;
	objects = {

/* Begin PBXBuildFile section */
		6F3807512C9B4A920053C5F2 /* Model.xcdatamodeld in Sources */ = {isa = PBXBuildFile; fileRef = 6F38074F2C9B4A920053C5F2 /* Model.xcdatamodeld */; };
		8F35432E2C98A04E008AADB7 /* ResultView.swift in Sources */ = {isa = PBXBuildFile; fileRef = 8F35432D2C98A04E008AADB7 /* ResultView.swift */; };
		8F3543302C98AECA008AADB7 /* ShowErrors.swift in Sources */ = {isa = PBXBuildFile; fileRef = 8F35432F2C98AECA008AADB7 /* ShowErrors.swift */; };
		8F3543332C98C55F008AADB7 /* CoreData.framework in Frameworks */ = {isa = PBXBuildFile; fileRef = 8F3543322C98C55F008AADB7 /* CoreData.framework */; };
		8F3543462C98F482008AADB7 /* CoreDataStack.swift in Sources */ = {isa = PBXBuildFile; fileRef = 8F3543452C98F482008AADB7 /* CoreDataStack.swift */; };
		8F3543482C98F5E0008AADB7 /* Historial.swift in Sources */ = {isa = PBXBuildFile; fileRef = 8F3543472C98F5E0008AADB7 /* Historial.swift */; };
		8F35434A2C98F65F008AADB7 /* Exam.swift in Sources */ = {isa = PBXBuildFile; fileRef = 8F3543492C98F65F008AADB7 /* Exam.swift */; };
		8F35434E2C99C9DF008AADB7 /* Lessons.swift in Sources */ = {isa = PBXBuildFile; fileRef = 8F35434D2C99C9DF008AADB7 /* Lessons.swift */; };
		8F3543502C99CF3B008AADB7 /* TestLesson.swift in Sources */ = {isa = PBXBuildFile; fileRef = 8F35434F2C99CF3B008AADB7 /* TestLesson.swift */; };
		8F3543532C99DB08008AADB7 /* FailsTest.swift in Sources */ = {isa = PBXBuildFile; fileRef = 8F3543522C99DB08008AADB7 /* FailsTest.swift */; };
		8F3543562C9B2557008AADB7 /* BackButton.swift in Sources */ = {isa = PBXBuildFile; fileRef = 8F3543552C9B2557008AADB7 /* BackButton.swift */; };
		8F85B6632C95EAA60036F0D7 /* CazaApp.swift in Sources */ = {isa = PBXBuildFile; fileRef = 8F85B6622C95EAA60036F0D7 /* CazaApp.swift */; };
		8F85B6652C95EAA60036F0D7 /* Menu.swift in Sources */ = {isa = PBXBuildFile; fileRef = 8F85B6642C95EAA60036F0D7 /* Menu.swift */; };
		8F85B6672C95EAA70036F0D7 /* Assets.xcassets in Resources */ = {isa = PBXBuildFile; fileRef = 8F85B6662C95EAA70036F0D7 /* Assets.xcassets */; };
		8F85B66A2C95EAA70036F0D7 /* Preview Assets.xcassets in Resources */ = {isa = PBXBuildFile; fileRef = 8F85B6692C95EAA70036F0D7 /* Preview Assets.xcassets */; };
		8F85B6742C95EAA70036F0D7 /* CazaTests.swift in Sources */ = {isa = PBXBuildFile; fileRef = 8F85B6732C95EAA70036F0D7 /* CazaTests.swift */; };
		8F85B67E2C95EAA70036F0D7 /* CazaUITests.swift in Sources */ = {isa = PBXBuildFile; fileRef = 8F85B67D2C95EAA70036F0D7 /* CazaUITests.swift */; };
		8F85B6802C95EAA70036F0D7 /* CazaUITestsLaunchTests.swift in Sources */ = {isa = PBXBuildFile; fileRef = 8F85B67F2C95EAA70036F0D7 /* CazaUITestsLaunchTests.swift */; };
		8F85B68D2C95EF640036F0D7 /* Questions.swift in Sources */ = {isa = PBXBuildFile; fileRef = 8F85B68C2C95EF640036F0D7 /* Questions.swift */; };
		8FAE867A2C9775170077D59E /* Test.swift in Sources */ = {isa = PBXBuildFile; fileRef = 8FAE86792C9775170077D59E /* Test.swift */; };
		8FAE867C2C977F900077D59E /* QuestionView.swift in Sources */ = {isa = PBXBuildFile; fileRef = 8FAE867B2C977F900077D59E /* QuestionView.swift */; };
		8FAE867E2C97A7130077D59E /* TestViewModel.swift in Sources */ = {isa = PBXBuildFile; fileRef = 8FAE867D2C97A7130077D59E /* TestViewModel.swift */; };
/* End PBXBuildFile section */

/* Begin PBXContainerItemProxy section */
		8F85B6702C95EAA70036F0D7 /* PBXContainerItemProxy */ = {
			isa = PBXContainerItemProxy;
			containerPortal = 8F85B6572C95EAA60036F0D7 /* Project object */;
			proxyType = 1;
			remoteGlobalIDString = 8F85B65E2C95EAA60036F0D7;
			remoteInfo = Caza;
		};
		8F85B67A2C95EAA70036F0D7 /* PBXContainerItemProxy */ = {
			isa = PBXContainerItemProxy;
			containerPortal = 8F85B6572C95EAA60036F0D7 /* Project object */;
			proxyType = 1;
			remoteGlobalIDString = 8F85B65E2C95EAA60036F0D7;
			remoteInfo = Caza;
		};
/* End PBXContainerItemProxy section */

/* Begin PBXFileReference section */
		6F3807502C9B4A920053C5F2 /* Model.xcdatamodel */ = {isa = PBXFileReference; lastKnownFileType = wrapper.xcdatamodel; path = Model.xcdatamodel; sourceTree = "<group>"; };
		8F35432D2C98A04E008AADB7 /* ResultView.swift */ = {isa = PBXFileReference; lastKnownFileType = sourcecode.swift; path = ResultView.swift; sourceTree = "<group>"; };
		8F35432F2C98AECA008AADB7 /* ShowErrors.swift */ = {isa = PBXFileReference; lastKnownFileType = sourcecode.swift; path = ShowErrors.swift; sourceTree = "<group>"; };
		8F3543322C98C55F008AADB7 /* CoreData.framework */ = {isa = PBXFileReference; lastKnownFileType = wrapper.framework; name = CoreData.framework; path = System/Library/Frameworks/CoreData.framework; sourceTree = SDKROOT; };
		8F3543452C98F482008AADB7 /* CoreDataStack.swift */ = {isa = PBXFileReference; lastKnownFileType = sourcecode.swift; path = CoreDataStack.swift; sourceTree = "<group>"; };
		8F3543472C98F5E0008AADB7 /* Historial.swift */ = {isa = PBXFileReference; lastKnownFileType = sourcecode.swift; path = Historial.swift; sourceTree = "<group>"; };
		8F3543492C98F65F008AADB7 /* Exam.swift */ = {isa = PBXFileReference; lastKnownFileType = sourcecode.swift; path = Exam.swift; sourceTree = "<group>"; };
		8F35434D2C99C9DF008AADB7 /* Lessons.swift */ = {isa = PBXFileReference; lastKnownFileType = sourcecode.swift; path = Lessons.swift; sourceTree = "<group>"; };
		8F35434F2C99CF3B008AADB7 /* TestLesson.swift */ = {isa = PBXFileReference; lastKnownFileType = sourcecode.swift; path = TestLesson.swift; sourceTree = "<group>"; };
		8F3543522C99DB08008AADB7 /* FailsTest.swift */ = {isa = PBXFileReference; lastKnownFileType = sourcecode.swift; path = FailsTest.swift; sourceTree = "<group>"; };
		8F3543552C9B2557008AADB7 /* BackButton.swift */ = {isa = PBXFileReference; lastKnownFileType = sourcecode.swift; path = BackButton.swift; sourceTree = "<group>"; };
		8F3543572C9B6217008AADB7 /* Info.plist */ = {isa = PBXFileReference; lastKnownFileType = text.plist; path = Info.plist; sourceTree = "<group>"; };
		8F85B65F2C95EAA60036F0D7 /* Caza.app */ = {isa = PBXFileReference; explicitFileType = wrapper.application; includeInIndex = 0; path = Caza.app; sourceTree = BUILT_PRODUCTS_DIR; };
		8F85B6622C95EAA60036F0D7 /* CazaApp.swift */ = {isa = PBXFileReference; lastKnownFileType = sourcecode.swift; path = CazaApp.swift; sourceTree = "<group>"; };
		8F85B6642C95EAA60036F0D7 /* Menu.swift */ = {isa = PBXFileReference; lastKnownFileType = sourcecode.swift; path = Menu.swift; sourceTree = "<group>"; };
		8F85B6662C95EAA70036F0D7 /* Assets.xcassets */ = {isa = PBXFileReference; lastKnownFileType = folder.assetcatalog; path = Assets.xcassets; sourceTree = "<group>"; };
		8F85B6692C95EAA70036F0D7 /* Preview Assets.xcassets */ = {isa = PBXFileReference; lastKnownFileType = folder.assetcatalog; path = "Preview Assets.xcassets"; sourceTree = "<group>"; };
		8F85B66F2C95EAA70036F0D7 /* CazaTests.xctest */ = {isa = PBXFileReference; explicitFileType = wrapper.cfbundle; includeInIndex = 0; path = CazaTests.xctest; sourceTree = BUILT_PRODUCTS_DIR; };
		8F85B6732C95EAA70036F0D7 /* CazaTests.swift */ = {isa = PBXFileReference; lastKnownFileType = sourcecode.swift; path = CazaTests.swift; sourceTree = "<group>"; };
		8F85B6792C95EAA70036F0D7 /* CazaUITests.xctest */ = {isa = PBXFileReference; explicitFileType = wrapper.cfbundle; includeInIndex = 0; path = CazaUITests.xctest; sourceTree = BUILT_PRODUCTS_DIR; };
		8F85B67D2C95EAA70036F0D7 /* CazaUITests.swift */ = {isa = PBXFileReference; lastKnownFileType = sourcecode.swift; path = CazaUITests.swift; sourceTree = "<group>"; };
		8F85B67F2C95EAA70036F0D7 /* CazaUITestsLaunchTests.swift */ = {isa = PBXFileReference; lastKnownFileType = sourcecode.swift; path = CazaUITestsLaunchTests.swift; sourceTree = "<group>"; };
		8F85B68C2C95EF640036F0D7 /* Questions.swift */ = {isa = PBXFileReference; lastKnownFileType = sourcecode.swift; path = Questions.swift; sourceTree = "<group>"; };
		8FAE86792C9775170077D59E /* Test.swift */ = {isa = PBXFileReference; lastKnownFileType = sourcecode.swift; path = Test.swift; sourceTree = "<group>"; };
		8FAE867B2C977F900077D59E /* QuestionView.swift */ = {isa = PBXFileReference; lastKnownFileType = sourcecode.swift; path = QuestionView.swift; sourceTree = "<group>"; };
		8FAE867D2C97A7130077D59E /* TestViewModel.swift */ = {isa = PBXFileReference; lastKnownFileType = sourcecode.swift; path = TestViewModel.swift; sourceTree = "<group>"; };
/* End PBXFileReference section */

/* Begin PBXFrameworksBuildPhase section */
		8F85B65C2C95EAA60036F0D7 /* Frameworks */ = {
			isa = PBXFrameworksBuildPhase;
			buildActionMask = 2147483647;
			files = (
				8F3543332C98C55F008AADB7 /* CoreData.framework in Frameworks */,
			);
			runOnlyForDeploymentPostprocessing = 0;
		};
		8F85B66C2C95EAA70036F0D7 /* Frameworks */ = {
			isa = PBXFrameworksBuildPhase;
			buildActionMask = 2147483647;
			files = (
			);
			runOnlyForDeploymentPostprocessing = 0;
		};
		8F85B6762C95EAA70036F0D7 /* Frameworks */ = {
			isa = PBXFrameworksBuildPhase;
			buildActionMask = 2147483647;
			files = (
			);
			runOnlyForDeploymentPostprocessing = 0;
		};
/* End PBXFrameworksBuildPhase section */

/* Begin PBXGroup section */
		8F3543312C98C55F008AADB7 /* Frameworks */ = {
			isa = PBXGroup;
			children = (
				8F3543322C98C55F008AADB7 /* CoreData.framework */,
			);
			name = Frameworks;
			sourceTree = "<group>";
		};
		8F35434B2C98F664008AADB7 /* Historial */ = {
			isa = PBXGroup;
			children = (
				8F3543472C98F5E0008AADB7 /* Historial.swift */,
				8F3543492C98F65F008AADB7 /* Exam.swift */,
			);
			path = Historial;
			sourceTree = "<group>";
		};
		8F35434C2C99C83F008AADB7 /* Question */ = {
			isa = PBXGroup;
			children = (
				8F85B68C2C95EF640036F0D7 /* Questions.swift */,
				8FAE867B2C977F900077D59E /* QuestionView.swift */,
			);
			path = Question;
			sourceTree = "<group>";
		};
		8F3543512C99D623008AADB7 /* Lessons */ = {
			isa = PBXGroup;
			children = (
				8F35434F2C99CF3B008AADB7 /* TestLesson.swift */,
				8F35434D2C99C9DF008AADB7 /* Lessons.swift */,
			);
			path = Lessons;
			sourceTree = "<group>";
		};
		8F3543542C9B2392008AADB7 /* Test */ = {
			isa = PBXGroup;
			children = (
				8FAE86792C9775170077D59E /* Test.swift */,
				8FAE867D2C97A7130077D59E /* TestViewModel.swift */,
			);
			path = Test;
			sourceTree = "<group>";
		};
		8F85B6562C95EAA60036F0D7 = {
			isa = PBXGroup;
			children = (
				8F85B6612C95EAA60036F0D7 /* Caza */,
				8F85B6722C95EAA70036F0D7 /* CazaTests */,
				8F85B67C2C95EAA70036F0D7 /* CazaUITests */,
				8F85B6602C95EAA60036F0D7 /* Products */,
				8F3543312C98C55F008AADB7 /* Frameworks */,
			);
			sourceTree = "<group>";
		};
		8F85B6602C95EAA60036F0D7 /* Products */ = {
			isa = PBXGroup;
			children = (
				8F85B65F2C95EAA60036F0D7 /* Caza.app */,
				8F85B66F2C95EAA70036F0D7 /* CazaTests.xctest */,
				8F85B6792C95EAA70036F0D7 /* CazaUITests.xctest */,
			);
			name = Products;
			sourceTree = "<group>";
		};
		8F85B6612C95EAA60036F0D7 /* Caza */ = {
			isa = PBXGroup;
			children = (
				8F3543572C9B6217008AADB7 /* Info.plist */,
				6F38074F2C9B4A920053C5F2 /* Model.xcdatamodeld */,
				8F3543542C9B2392008AADB7 /* Test */,
				8F3543512C99D623008AADB7 /* Lessons */,
				8F35434C2C99C83F008AADB7 /* Question */,
				8F35434B2C98F664008AADB7 /* Historial */,
				8F85B6622C95EAA60036F0D7 /* CazaApp.swift */,
				8F85B6642C95EAA60036F0D7 /* Menu.swift */,
				8F85B6662C95EAA70036F0D7 /* Assets.xcassets */,
				8F85B6682C95EAA70036F0D7 /* Preview Content */,
				8F35432D2C98A04E008AADB7 /* ResultView.swift */,
				8F35432F2C98AECA008AADB7 /* ShowErrors.swift */,
				8F3543452C98F482008AADB7 /* CoreDataStack.swift */,
				8F3543522C99DB08008AADB7 /* FailsTest.swift */,
				8F3543552C9B2557008AADB7 /* BackButton.swift */,
			);
			path = Caza;
			sourceTree = "<group>";
		};
		8F85B6682C95EAA70036F0D7 /* Preview Content */ = {
			isa = PBXGroup;
			children = (
				8F85B6692C95EAA70036F0D7 /* Preview Assets.xcassets */,
			);
			path = "Preview Content";
			sourceTree = "<group>";
		};
		8F85B6722C95EAA70036F0D7 /* CazaTests */ = {
			isa = PBXGroup;
			children = (
				8F85B6732C95EAA70036F0D7 /* CazaTests.swift */,
			);
			path = CazaTests;
			sourceTree = "<group>";
		};
		8F85B67C2C95EAA70036F0D7 /* CazaUITests */ = {
			isa = PBXGroup;
			children = (
				8F85B67D2C95EAA70036F0D7 /* CazaUITests.swift */,
				8F85B67F2C95EAA70036F0D7 /* CazaUITestsLaunchTests.swift */,
			);
			path = CazaUITests;
			sourceTree = "<group>";
		};
/* End PBXGroup section */

/* Begin PBXNativeTarget section */
		8F85B65E2C95EAA60036F0D7 /* Caza */ = {
			isa = PBXNativeTarget;
			buildConfigurationList = 8F85B6832C95EAA70036F0D7 /* Build configuration list for PBXNativeTarget "Caza" */;
			buildPhases = (
				8F85B65B2C95EAA60036F0D7 /* Sources */,
				8F85B65C2C95EAA60036F0D7 /* Frameworks */,
				8F85B65D2C95EAA60036F0D7 /* Resources */,
			);
			buildRules = (
			);
			dependencies = (
			);
			name = Caza;
			productName = Caza;
			productReference = 8F85B65F2C95EAA60036F0D7 /* Caza.app */;
			productType = "com.apple.product-type.application";
		};
		8F85B66E2C95EAA70036F0D7 /* CazaTests */ = {
			isa = PBXNativeTarget;
			buildConfigurationList = 8F85B6862C95EAA70036F0D7 /* Build configuration list for PBXNativeTarget "CazaTests" */;
			buildPhases = (
				8F85B66B2C95EAA70036F0D7 /* Sources */,
				8F85B66C2C95EAA70036F0D7 /* Frameworks */,
				8F85B66D2C95EAA70036F0D7 /* Resources */,
			);
			buildRules = (
			);
			dependencies = (
				8F85B6712C95EAA70036F0D7 /* PBXTargetDependency */,
			);
			name = CazaTests;
			productName = CazaTests;
			productReference = 8F85B66F2C95EAA70036F0D7 /* CazaTests.xctest */;
			productType = "com.apple.product-type.bundle.unit-test";
		};
		8F85B6782C95EAA70036F0D7 /* CazaUITests */ = {
			isa = PBXNativeTarget;
			buildConfigurationList = 8F85B6892C95EAA70036F0D7 /* Build configuration list for PBXNativeTarget "CazaUITests" */;
			buildPhases = (
				8F85B6752C95EAA70036F0D7 /* Sources */,
				8F85B6762C95EAA70036F0D7 /* Frameworks */,
				8F85B6772C95EAA70036F0D7 /* Resources */,
			);
			buildRules = (
			);
			dependencies = (
				8F85B67B2C95EAA70036F0D7 /* PBXTargetDependency */,
			);
			name = CazaUITests;
			productName = CazaUITests;
			productReference = 8F85B6792C95EAA70036F0D7 /* CazaUITests.xctest */;
			productType = "com.apple.product-type.bundle.ui-testing";
		};
/* End PBXNativeTarget section */

/* Begin PBXProject section */
		8F85B6572C95EAA60036F0D7 /* Project object */ = {
			isa = PBXProject;
			attributes = {
				BuildIndependentTargetsInParallel = 1;
				LastSwiftUpdateCheck = 1540;
				LastUpgradeCheck = 1540;
				TargetAttributes = {
					8F85B65E2C95EAA60036F0D7 = {
						CreatedOnToolsVersion = 15.4;
					};
					8F85B66E2C95EAA70036F0D7 = {
						CreatedOnToolsVersion = 15.4;
						TestTargetID = 8F85B65E2C95EAA60036F0D7;
					};
					8F85B6782C95EAA70036F0D7 = {
						CreatedOnToolsVersion = 15.4;
						TestTargetID = 8F85B65E2C95EAA60036F0D7;
					};
				};
			};
			buildConfigurationList = 8F85B65A2C95EAA60036F0D7 /* Build configuration list for PBXProject "Caza" */;
			compatibilityVersion = "Xcode 14.0";
			developmentRegion = en;
			hasScannedForEncodings = 0;
			knownRegions = (
				en,
				Base,
			);
			mainGroup = 8F85B6562C95EAA60036F0D7;
			productRefGroup = 8F85B6602C95EAA60036F0D7 /* Products */;
			projectDirPath = "";
			projectRoot = "";
			targets = (
				8F85B65E2C95EAA60036F0D7 /* Caza */,
				8F85B66E2C95EAA70036F0D7 /* CazaTests */,
				8F85B6782C95EAA70036F0D7 /* CazaUITests */,
			);
		};
/* End PBXProject section */

/* Begin PBXResourcesBuildPhase section */
		8F85B65D2C95EAA60036F0D7 /* Resources */ = {
			isa = PBXResourcesBuildPhase;
			buildActionMask = 2147483647;
			files = (
				8F85B66A2C95EAA70036F0D7 /* Preview Assets.xcassets in Resources */,
				8F85B6672C95EAA70036F0D7 /* Assets.xcassets in Resources */,
			);
			runOnlyForDeploymentPostprocessing = 0;
		};
		8F85B66D2C95EAA70036F0D7 /* Resources */ = {
			isa = PBXResourcesBuildPhase;
			buildActionMask = 2147483647;
			files = (
			);
			runOnlyForDeploymentPostprocessing = 0;
		};
		8F85B6772C95EAA70036F0D7 /* Resources */ = {
			isa = PBXResourcesBuildPhase;
			buildActionMask = 2147483647;
			files = (
			);
			runOnlyForDeploymentPostprocessing = 0;
		};
/* End PBXResourcesBuildPhase section */

/* Begin PBXSourcesBuildPhase section */
		8F85B65B2C95EAA60036F0D7 /* Sources */ = {
			isa = PBXSourcesBuildPhase;
			buildActionMask = 2147483647;
			files = (
				8F3543532C99DB08008AADB7 /* FailsTest.swift in Sources */,
				8F3543302C98AECA008AADB7 /* ShowErrors.swift in Sources */,
				8FAE867E2C97A7130077D59E /* TestViewModel.swift in Sources */,
				8F85B68D2C95EF640036F0D7 /* Questions.swift in Sources */,
				8FAE867A2C9775170077D59E /* Test.swift in Sources */,
				8F35434E2C99C9DF008AADB7 /* Lessons.swift in Sources */,
				8F85B6652C95EAA60036F0D7 /* Menu.swift in Sources */,
				8F3543462C98F482008AADB7 /* CoreDataStack.swift in Sources */,
				6F3807512C9B4A920053C5F2 /* Model.xcdatamodeld in Sources */,
				8F3543562C9B2557008AADB7 /* BackButton.swift in Sources */,
				8F3543502C99CF3B008AADB7 /* TestLesson.swift in Sources */,
				8F85B6632C95EAA60036F0D7 /* CazaApp.swift in Sources */,
				8F35434A2C98F65F008AADB7 /* Exam.swift in Sources */,
				8F3543482C98F5E0008AADB7 /* Historial.swift in Sources */,
				8FAE867C2C977F900077D59E /* QuestionView.swift in Sources */,
				8F35432E2C98A04E008AADB7 /* ResultView.swift in Sources */,
			);
			runOnlyForDeploymentPostprocessing = 0;
		};
		8F85B66B2C95EAA70036F0D7 /* Sources */ = {
			isa = PBXSourcesBuildPhase;
			buildActionMask = 2147483647;
			files = (
				8F85B6742C95EAA70036F0D7 /* CazaTests.swift in Sources */,
			);
			runOnlyForDeploymentPostprocessing = 0;
		};
		8F85B6752C95EAA70036F0D7 /* Sources */ = {
			isa = PBXSourcesBuildPhase;
			buildActionMask = 2147483647;
			files = (
				8F85B67E2C95EAA70036F0D7 /* CazaUITests.swift in Sources */,
				8F85B6802C95EAA70036F0D7 /* CazaUITestsLaunchTests.swift in Sources */,
			);
			runOnlyForDeploymentPostprocessing = 0;
		};
/* End PBXSourcesBuildPhase section */

/* Begin PBXTargetDependency section */
		8F85B6712C95EAA70036F0D7 /* PBXTargetDependency */ = {
			isa = PBXTargetDependency;
			target = 8F85B65E2C95EAA60036F0D7 /* Caza */;
			targetProxy = 8F85B6702C95EAA70036F0D7 /* PBXContainerItemProxy */;
		};
		8F85B67B2C95EAA70036F0D7 /* PBXTargetDependency */ = {
			isa = PBXTargetDependency;
			target = 8F85B65E2C95EAA60036F0D7 /* Caza */;
			targetProxy = 8F85B67A2C95EAA70036F0D7 /* PBXContainerItemProxy */;
		};
/* End PBXTargetDependency section */

/* Begin XCBuildConfiguration section */
		8F85B6812C95EAA70036F0D7 /* Debug */ = {
			isa = XCBuildConfiguration;
			buildSettings = {
				ALWAYS_SEARCH_USER_PATHS = NO;
				ASSETCATALOG_COMPILER_GENERATE_SWIFT_ASSET_SYMBOL_EXTENSIONS = YES;
				CLANG_ANALYZER_NONNULL = YES;
				CLANG_ANALYZER_NUMBER_OBJECT_CONVERSION = YES_AGGRESSIVE;
				CLANG_CXX_LANGUAGE_STANDARD = "gnu++20";
				CLANG_ENABLE_MODULES = YES;
				CLANG_ENABLE_OBJC_ARC = YES;
				CLANG_ENABLE_OBJC_WEAK = YES;
				CLANG_WARN_BLOCK_CAPTURE_AUTORELEASING = YES;
				CLANG_WARN_BOOL_CONVERSION = YES;
				CLANG_WARN_COMMA = YES;
				CLANG_WARN_CONSTANT_CONVERSION = YES;
				CLANG_WARN_DEPRECATED_OBJC_IMPLEMENTATIONS = YES;
				CLANG_WARN_DIRECT_OBJC_ISA_USAGE = YES_ERROR;
				CLANG_WARN_DOCUMENTATION_COMMENTS = YES;
				CLANG_WARN_EMPTY_BODY = YES;
				CLANG_WARN_ENUM_CONVERSION = YES;
				CLANG_WARN_INFINITE_RECURSION = YES;
				CLANG_WARN_INT_CONVERSION = YES;
				CLANG_WARN_NON_LITERAL_NULL_CONVERSION = YES;
				CLANG_WARN_OBJC_IMPLICIT_RETAIN_SELF = YES;
				CLANG_WARN_OBJC_LITERAL_CONVERSION = YES;
				CLANG_WARN_OBJC_ROOT_CLASS = YES_ERROR;
				CLANG_WARN_QUOTED_INCLUDE_IN_FRAMEWORK_HEADER = YES;
				CLANG_WARN_RANGE_LOOP_ANALYSIS = YES;
				CLANG_WARN_STRICT_PROTOTYPES = YES;
				CLANG_WARN_SUSPICIOUS_MOVE = YES;
				CLANG_WARN_UNGUARDED_AVAILABILITY = YES_AGGRESSIVE;
				CLANG_WARN_UNREACHABLE_CODE = YES;
				CLANG_WARN__DUPLICATE_METHOD_MATCH = YES;
				COPY_PHASE_STRIP = NO;
				DEBUG_INFORMATION_FORMAT = dwarf;
				ENABLE_STRICT_OBJC_MSGSEND = YES;
				ENABLE_TESTABILITY = YES;
				ENABLE_USER_SCRIPT_SANDBOXING = YES;
				GCC_C_LANGUAGE_STANDARD = gnu17;
				GCC_DYNAMIC_NO_PIC = NO;
				GCC_NO_COMMON_BLOCKS = YES;
				GCC_OPTIMIZATION_LEVEL = 0;
				GCC_PREPROCESSOR_DEFINITIONS = (
					"DEBUG=1",
					"$(inherited)",
				);
				GCC_WARN_64_TO_32_BIT_CONVERSION = YES;
				GCC_WARN_ABOUT_RETURN_TYPE = YES_ERROR;
				GCC_WARN_UNDECLARED_SELECTOR = YES;
				GCC_WARN_UNINITIALIZED_AUTOS = YES_AGGRESSIVE;
				GCC_WARN_UNUSED_FUNCTION = YES;
				GCC_WARN_UNUSED_VARIABLE = YES;
				IPHONEOS_DEPLOYMENT_TARGET = 17.5;
				LOCALIZATION_PREFERS_STRING_CATALOGS = YES;
				MTL_ENABLE_DEBUG_INFO = INCLUDE_SOURCE;
				MTL_FAST_MATH = YES;
				ONLY_ACTIVE_ARCH = YES;
				SDKROOT = iphoneos;
				SWIFT_ACTIVE_COMPILATION_CONDITIONS = "DEBUG $(inherited)";
				SWIFT_OPTIMIZATION_LEVEL = "-Onone";
			};
			name = Debug;
		};
		8F85B6822C95EAA70036F0D7 /* Release */ = {
			isa = XCBuildConfiguration;
			buildSettings = {
				ALWAYS_SEARCH_USER_PATHS = NO;
				ASSETCATALOG_COMPILER_GENERATE_SWIFT_ASSET_SYMBOL_EXTENSIONS = YES;
				CLANG_ANALYZER_NONNULL = YES;
				CLANG_ANALYZER_NUMBER_OBJECT_CONVERSION = YES_AGGRESSIVE;
				CLANG_CXX_LANGUAGE_STANDARD = "gnu++20";
				CLANG_ENABLE_MODULES = YES;
				CLANG_ENABLE_OBJC_ARC = YES;
				CLANG_ENABLE_OBJC_WEAK = YES;
				CLANG_WARN_BLOCK_CAPTURE_AUTORELEASING = YES;
				CLANG_WARN_BOOL_CONVERSION = YES;
				CLANG_WARN_COMMA = YES;
				CLANG_WARN_CONSTANT_CONVERSION = YES;
				CLANG_WARN_DEPRECATED_OBJC_IMPLEMENTATIONS = YES;
				CLANG_WARN_DIRECT_OBJC_ISA_USAGE = YES_ERROR;
				CLANG_WARN_DOCUMENTATION_COMMENTS = YES;
				CLANG_WARN_EMPTY_BODY = YES;
				CLANG_WARN_ENUM_CONVERSION = YES;
				CLANG_WARN_INFINITE_RECURSION = YES;
				CLANG_WARN_INT_CONVERSION = YES;
				CLANG_WARN_NON_LITERAL_NULL_CONVERSION = YES;
				CLANG_WARN_OBJC_IMPLICIT_RETAIN_SELF = YES;
				CLANG_WARN_OBJC_LITERAL_CONVERSION = YES;
				CLANG_WARN_OBJC_ROOT_CLASS = YES_ERROR;
				CLANG_WARN_QUOTED_INCLUDE_IN_FRAMEWORK_HEADER = YES;
				CLANG_WARN_RANGE_LOOP_ANALYSIS = YES;
				CLANG_WARN_STRICT_PROTOTYPES = YES;
				CLANG_WARN_SUSPICIOUS_MOVE = YES;
				CLANG_WARN_UNGUARDED_AVAILABILITY = YES_AGGRESSIVE;
				CLANG_WARN_UNREACHABLE_CODE = YES;
				CLANG_WARN__DUPLICATE_METHOD_MATCH = YES;
				COPY_PHASE_STRIP = NO;
				DEBUG_INFORMATION_FORMAT = "dwarf-with-dsym";
				ENABLE_NS_ASSERTIONS = NO;
				ENABLE_STRICT_OBJC_MSGSEND = YES;
				ENABLE_USER_SCRIPT_SANDBOXING = YES;
				GCC_C_LANGUAGE_STANDARD = gnu17;
				GCC_NO_COMMON_BLOCKS = YES;
				GCC_WARN_64_TO_32_BIT_CONVERSION = YES;
				GCC_WARN_ABOUT_RETURN_TYPE = YES_ERROR;
				GCC_WARN_UNDECLARED_SELECTOR = YES;
				GCC_WARN_UNINITIALIZED_AUTOS = YES_AGGRESSIVE;
				GCC_WARN_UNUSED_FUNCTION = YES;
				GCC_WARN_UNUSED_VARIABLE = YES;
				IPHONEOS_DEPLOYMENT_TARGET = 17.5;
				LOCALIZATION_PREFERS_STRING_CATALOGS = YES;
				MTL_ENABLE_DEBUG_INFO = NO;
				MTL_FAST_MATH = YES;
				SDKROOT = iphoneos;
				SWIFT_COMPILATION_MODE = wholemodule;
				VALIDATE_PRODUCT = YES;
			};
			name = Release;
		};
		8F85B6842C95EAA70036F0D7 /* Debug */ = {
			isa = XCBuildConfiguration;
			buildSettings = {
				ASSETCATALOG_COMPILER_APPICON_NAME = AppIcon;
				ASSETCATALOG_COMPILER_GLOBAL_ACCENT_COLOR_NAME = AccentColor;
				CODE_SIGN_STYLE = Automatic;
				CURRENT_PROJECT_VERSION = 1;
				DEVELOPMENT_ASSET_PATHS = "\"Caza/Preview Content\"";
				DEVELOPMENT_TEAM = HGFM96H52V;
				ENABLE_PREVIEWS = YES;
				GENERATE_INFOPLIST_FILE = YES;
				INFOPLIST_FILE = Caza/Info.plist;
				INFOPLIST_KEY_LSApplicationCategoryType = "";
				INFOPLIST_KEY_UIApplicationSceneManifest_Generation = YES;
				INFOPLIST_KEY_UIApplicationSupportsIndirectInputEvents = YES;
				INFOPLIST_KEY_UILaunchScreen_Generation = YES;
				INFOPLIST_KEY_UISupportedInterfaceOrientations_iPad = UIInterfaceOrientationPortrait;
				INFOPLIST_KEY_UISupportedInterfaceOrientations_iPhone = UIInterfaceOrientationPortrait;
				INFOPLIST_KEY_UIUserInterfaceStyle = Light;
				LD_RUNPATH_SEARCH_PATHS = (
					"$(inherited)",
					"@executable_path/Frameworks",
				);
				MARKETING_VERSION = 1.0;
				PRODUCT_BUNDLE_IDENTIFIER = cristobalramos.TestLicenciaArmas;
				PRODUCT_NAME = "$(TARGET_NAME)";
				SUPPORTED_PLATFORMS = "iphoneos iphonesimulator";
				SUPPORTS_MACCATALYST = NO;
				SUPPORTS_XR_DESIGNED_FOR_IPHONE_IPAD = NO;
				SWIFT_EMIT_LOC_STRINGS = YES;
				SWIFT_VERSION = 5.0;
				TARGETED_DEVICE_FAMILY = 1;
			};
			name = Debug;
		};
		8F85B6852C95EAA70036F0D7 /* Release */ = {
			isa = XCBuildConfiguration;
			buildSettings = {
				ASSETCATALOG_COMPILER_APPICON_NAME = AppIcon;
				ASSETCATALOG_COMPILER_GLOBAL_ACCENT_COLOR_NAME = AccentColor;
				CODE_SIGN_STYLE = Automatic;
				CURRENT_PROJECT_VERSION = 1;
				DEVELOPMENT_ASSET_PATHS = "\"Caza/Preview Content\"";
				DEVELOPMENT_TEAM = HGFM96H52V;
				ENABLE_PREVIEWS = YES;
				GENERATE_INFOPLIST_FILE = YES;
				INFOPLIST_FILE = Caza/Info.plist;
				INFOPLIST_KEY_LSApplicationCategoryType = "";
				INFOPLIST_KEY_UIApplicationSceneManifest_Generation = YES;
				INFOPLIST_KEY_UIApplicationSupportsIndirectInputEvents = YES;
				INFOPLIST_KEY_UILaunchScreen_Generation = YES;
				INFOPLIST_KEY_UISupportedInterfaceOrientations_iPad = UIInterfaceOrientationPortrait;
				INFOPLIST_KEY_UISupportedInterfaceOrientations_iPhone = UIInterfaceOrientationPortrait;
				INFOPLIST_KEY_UIUserInterfaceStyle = Light;
				LD_RUNPATH_SEARCH_PATHS = (
					"$(inherited)",
					"@executable_path/Frameworks",
				);
				MARKETING_VERSION = 1.0;
				PRODUCT_BUNDLE_IDENTIFIER = cristobalramos.TestLicenciaArmas;
				PRODUCT_NAME = "$(TARGET_NAME)";
				SUPPORTED_PLATFORMS = "iphoneos iphonesimulator";
				SUPPORTS_MACCATALYST = NO;
				SUPPORTS_XR_DESIGNED_FOR_IPHONE_IPAD = NO;
				SWIFT_EMIT_LOC_STRINGS = YES;
				SWIFT_VERSION = 5.0;
				TARGETED_DEVICE_FAMILY = 1;
			};
			name = Release;
		};
		8F85B6872C95EAA70036F0D7 /* Debug */ = {
			isa = XCBuildConfiguration;
			buildSettings = {
				ALWAYS_EMBED_SWIFT_STANDARD_LIBRARIES = YES;
				BUNDLE_LOADER = "$(TEST_HOST)";
				CODE_SIGN_STYLE = Automatic;
				CURRENT_PROJECT_VERSION = 1;
				DEVELOPMENT_TEAM = 6G9VZ3V3S4;
				GENERATE_INFOPLIST_FILE = YES;
				IPHONEOS_DEPLOYMENT_TARGET = 17.5;
				MARKETING_VERSION = 1.0;
				PRODUCT_BUNDLE_IDENTIFIER = cristobalramos.CazaTests;
				PRODUCT_NAME = "$(TARGET_NAME)";
				SWIFT_EMIT_LOC_STRINGS = NO;
				SWIFT_VERSION = 5.0;
				TARGETED_DEVICE_FAMILY = "1,2";
				TEST_HOST = "$(BUILT_PRODUCTS_DIR)/Caza.app/$(BUNDLE_EXECUTABLE_FOLDER_PATH)/Caza";
			};
			name = Debug;
		};
		8F85B6882C95EAA70036F0D7 /* Release */ = {
			isa = XCBuildConfiguration;
			buildSettings = {
				ALWAYS_EMBED_SWIFT_STANDARD_LIBRARIES = YES;
				BUNDLE_LOADER = "$(TEST_HOST)";
				CODE_SIGN_STYLE = Automatic;
				CURRENT_PROJECT_VERSION = 1;
				DEVELOPMENT_TEAM = 6G9VZ3V3S4;
				GENERATE_INFOPLIST_FILE = YES;
				IPHONEOS_DEPLOYMENT_TARGET = 17.5;
				MARKETING_VERSION = 1.0;
				PRODUCT_BUNDLE_IDENTIFIER = cristobalramos.CazaTests;
				PRODUCT_NAME = "$(TARGET_NAME)";
				SWIFT_EMIT_LOC_STRINGS = NO;
				SWIFT_VERSION = 5.0;
				TARGETED_DEVICE_FAMILY = "1,2";
				TEST_HOST = "$(BUILT_PRODUCTS_DIR)/Caza.app/$(BUNDLE_EXECUTABLE_FOLDER_PATH)/Caza";
			};
			name = Release;
		};
		8F85B68A2C95EAA70036F0D7 /* Debug */ = {
			isa = XCBuildConfiguration;
			buildSettings = {
				ALWAYS_EMBED_SWIFT_STANDARD_LIBRARIES = YES;
				CODE_SIGN_STYLE = Automatic;
				CURRENT_PROJECT_VERSION = 1;
				DEVELOPMENT_TEAM = 6G9VZ3V3S4;
				GENERATE_INFOPLIST_FILE = YES;
				MARKETING_VERSION = 1.0;
				PRODUCT_BUNDLE_IDENTIFIER = cristobalramos.CazaUITests;
				PRODUCT_NAME = "$(TARGET_NAME)";
				SWIFT_EMIT_LOC_STRINGS = NO;
				SWIFT_VERSION = 5.0;
				TARGETED_DEVICE_FAMILY = "1,2";
				TEST_TARGET_NAME = Caza;
			};
			name = Debug;
		};
		8F85B68B2C95EAA70036F0D7 /* Release */ = {
			isa = XCBuildConfiguration;
			buildSettings = {
				ALWAYS_EMBED_SWIFT_STANDARD_LIBRARIES = YES;
				CODE_SIGN_STYLE = Automatic;
				CURRENT_PROJECT_VERSION = 1;
				DEVELOPMENT_TEAM = 6G9VZ3V3S4;
				GENERATE_INFOPLIST_FILE = YES;
				MARKETING_VERSION = 1.0;
				PRODUCT_BUNDLE_IDENTIFIER = cristobalramos.CazaUITests;
				PRODUCT_NAME = "$(TARGET_NAME)";
				SWIFT_EMIT_LOC_STRINGS = NO;
				SWIFT_VERSION = 5.0;
				TARGETED_DEVICE_FAMILY = "1,2";
				TEST_TARGET_NAME = Caza;
			};
			name = Release;
		};
/* End XCBuildConfiguration section */

/* Begin XCConfigurationList section */
		8F85B65A2C95EAA60036F0D7 /* Build configuration list for PBXProject "Caza" */ = {
			isa = XCConfigurationList;
			buildConfigurations = (
				8F85B6812C95EAA70036F0D7 /* Debug */,
				8F85B6822C95EAA70036F0D7 /* Release */,
			);
			defaultConfigurationIsVisible = 0;
			defaultConfigurationName = Release;
		};
		8F85B6832C95EAA70036F0D7 /* Build configuration list for PBXNativeTarget "Caza" */ = {
			isa = XCConfigurationList;
			buildConfigurations = (
				8F85B6842C95EAA70036F0D7 /* Debug */,
				8F85B6852C95EAA70036F0D7 /* Release */,
			);
			defaultConfigurationIsVisible = 0;
			defaultConfigurationName = Release;
		};
		8F85B6862C95EAA70036F0D7 /* Build configuration list for PBXNativeTarget "CazaTests" */ = {
			isa = XCConfigurationList;
			buildConfigurations = (
				8F85B6872C95EAA70036F0D7 /* Debug */,
				8F85B6882C95EAA70036F0D7 /* Release */,
			);
			defaultConfigurationIsVisible = 0;
			defaultConfigurationName = Release;
		};
		8F85B6892C95EAA70036F0D7 /* Build configuration list for PBXNativeTarget "CazaUITests" */ = {
			isa = XCConfigurationList;
			buildConfigurations = (
				8F85B68A2C95EAA70036F0D7 /* Debug */,
				8F85B68B2C95EAA70036F0D7 /* Release */,
			);
			defaultConfigurationIsVisible = 0;
			defaultConfigurationName = Release;
		};
/* End XCConfigurationList section */

/* Begin XCVersionGroup section */
		6F38074F2C9B4A920053C5F2 /* Model.xcdatamodeld */ = {
			isa = XCVersionGroup;
			children = (
				6F3807502C9B4A920053C5F2 /* Model.xcdatamodel */,
			);
			currentVersion = 6F3807502C9B4A920053C5F2 /* Model.xcdatamodel */;
			path = Model.xcdatamodeld;
			sourceTree = "<group>";
			versionGroupType = wrapper.xcdatamodel;
		};
/* End XCVersionGroup section */
	};
	rootObject = 8F85B6572C95EAA60036F0D7 /* Project object */;
}
